
Microsoft Visual Studio Solution File, Format Version 12.00
# Visual Studio Version 17
VisualStudioVersion = 17.4.33015.44
MinimumVisualStudioVersion = 10.0.40219.1
Project("{9A19103F-16F7-4668-BE54-9A1E7A4F7556}") = "CollaborativeNoteEditor.CollaborationService", "CollaborativeNoteEditor.CollaborationService\CollaborativeNoteEditor.CollaborationService.csproj", "{088C9FC8-BB97-4872-B7A9-0FF9723654FD}"
EndProject
Project("{9A19103F-16F7-4668-BE54-9A1E7A4F7556}") = "CollaborativeNoteEditor.Shared", "CollaborativeNoteEditor.Shared\CollaborativeNoteEditor.Shared.csproj", "{08E4642F-D940-4BB6-B8AC-384113E902C4}"
EndProject
Global
	GlobalSection(SolutionConfigurationPlatforms) = preSolution
		Debug|Any CPU = Debug|Any CPU
		Release|Any CPU = Release|Any CPU
	EndGlobalSection
	GlobalSection(ProjectConfigurationPlatforms) = postSolution
		{088C9FC8-BB97-4872-B7A9-0FF9723654FD}.Debug|Any CPU.ActiveCfg = Debug|Any CPU
		{088C9FC8-BB97-4872-B7A9-0FF9723654FD}.Debug|Any CPU.Build.0 = Debug|Any CPU
		{088C9FC8-BB97-4872-B7A9-0FF9723654FD}.Release|Any CPU.ActiveCfg = Release|Any CPU
		{088C9FC8-BB97-4872-B7A9-0FF9723654FD}.Release|Any CPU.Build.0 = Release|Any CPU
		{08E4642F-D940-4BB6-B8AC-384113E902C4}.Debug|Any CPU.ActiveCfg = Debug|Any CPU
		{08E4642F-D940-4BB6-B8AC-384113E902C4}.Debug|Any CPU.Build.0 = Debug|Any CPU
		{08E4642F-D940-4BB6-B8AC-384113E902C4}.Release|Any CPU.ActiveCfg = Release|Any CPU
		{08E4642F-D940-4BB6-B8AC-384113E902C4}.Release|Any CPU.Build.0 = Release|Any CPU
	EndGlobalSection
	GlobalSection(SolutionProperties) = preSolution
		HideSolutionNode = FALSE
	EndGlobalSection
	GlobalSection(ExtensibilityGlobals) = postSolution
		SolutionGuid = {F8E76FB2-CA11-451D-BDE2-0D8EAD30F6E0}
	EndGlobalSection
EndGlobal
