
Microsoft Visual Studio Solution File, Format Version 12.00
# Visual Studio Version 17
VisualStudioVersion = 17.4.33015.44
MinimumVisualStudioVersion = 10.0.40219.1
Project("{9A19103F-16F7-4668-BE54-9A1E7A4F7556}") = "NotesService", "NotesService\NotesService.csproj", "{2A03ADAA-FFB8-45DF-AACF-2DB58E1EEB55}"
EndProject
Project("{FAE04EC0-301F-11D3-BF4B-00C04F79EFBC}") = "NotesService.Data", "NotesService.Data\NotesService.Data.csproj", "{96BB8550-3612-4124-BC1E-0C55C648BD86}"
EndProject
Project("{FAE04EC0-301F-11D3-BF4B-00C04F79EFBC}") = "NotesService.Shared", "NotesService.Shared\NotesService.Shared.csproj", "{773EC442-075D-40F5-BE47-0FD8AABE0509}"
EndProject
Global
	GlobalSection(SolutionConfigurationPlatforms) = preSolution
		Debug|Any CPU = Debug|Any CPU
		Release|Any CPU = Release|Any CPU
	EndGlobalSection
	GlobalSection(ProjectConfigurationPlatforms) = postSolution
		{2A03ADAA-FFB8-45DF-AACF-2DB58E1EEB55}.Debug|Any CPU.ActiveCfg = Debug|Any CPU
		{2A03ADAA-FFB8-45DF-AACF-2DB58E1EEB55}.Debug|Any CPU.Build.0 = Debug|Any CPU
		{2A03ADAA-FFB8-45DF-AACF-2DB58E1EEB55}.Release|Any CPU.ActiveCfg = Release|Any CPU
		{2A03ADAA-FFB8-45DF-AACF-2DB58E1EEB55}.Release|Any CPU.Build.0 = Release|Any CPU
		{96BB8550-3612-4124-BC1E-0C55C648BD86}.Debug|Any CPU.ActiveCfg = Debug|Any CPU
		{96BB8550-3612-4124-BC1E-0C55C648BD86}.Debug|Any CPU.Build.0 = Debug|Any CPU
		{96BB8550-3612-4124-BC1E-0C55C648BD86}.Release|Any CPU.ActiveCfg = Release|Any CPU
		{96BB8550-3612-4124-BC1E-0C55C648BD86}.Release|Any CPU.Build.0 = Release|Any CPU
		{773EC442-075D-40F5-BE47-0FD8AABE0509}.Debug|Any CPU.ActiveCfg = Debug|Any CPU
		{773EC442-075D-40F5-BE47-0FD8AABE0509}.Debug|Any CPU.Build.0 = Debug|Any CPU
		{773EC442-075D-40F5-BE47-0FD8AABE0509}.Release|Any CPU.ActiveCfg = Release|Any CPU
		{773EC442-075D-40F5-BE47-0FD8AABE0509}.Release|Any CPU.Build.0 = Release|Any CPU
	EndGlobalSection
	GlobalSection(SolutionProperties) = preSolution
		HideSolutionNode = FALSE
	EndGlobalSection
	GlobalSection(ExtensibilityGlobals) = postSolution
		SolutionGuid = {3522B51B-19AC-4CA3-B491-88A954DA51B3}
	EndGlobalSection
EndGlobal
